
Microsoft Visual Studio Solution File, Format Version 12.00
# Visual Studio 14
VisualStudioVersion = 14.0.25420.1
MinimumVisualStudioVersion = 10.0.40219.1
Project("{2150E333-8FDC-42A3-9474-1A3956D46DE8}") = "src", "src", "{7052AADE-20B3-4BA7-88CF-6E867FB1FA10}"
EndProject
Project("{2150E333-8FDC-42A3-9474-1A3956D46DE8}") = "Solution Items", "Solution Items", "{CBEDA848-6889-489E-B61A-B8246C5ED70E}"
	ProjectSection(SolutionItems) = preProject
		global.json = global.json
	EndProjectSection
EndProject
Project("{8BB2217D-0F2D-49D1-97BC-3654ED321F3B}") = "MidoriBot", "src\MidoriBot\MidoriBot.xproj", "{C86FA6DA-E1B2-424C-AB5E-A844966AE313}"
EndProject
Global
	GlobalSection(SolutionConfigurationPlatforms) = preSolution
		Debug|Any CPU = Debug|Any CPU
		Release|Any CPU = Release|Any CPU
	EndGlobalSection
	GlobalSection(ProjectConfigurationPlatforms) = postSolution
		{C86FA6DA-E1B2-424C-AB5E-A844966AE313}.Debug|Any CPU.ActiveCfg = Debug|Any CPU
		{C86FA6DA-E1B2-424C-AB5E-A844966AE313}.Debug|Any CPU.Build.0 = Debug|Any CPU
		{C86FA6DA-E1B2-424C-AB5E-A844966AE313}.Release|Any CPU.ActiveCfg = Release|Any CPU
		{C86FA6DA-E1B2-424C-AB5E-A844966AE313}.Release|Any CPU.Build.0 = Release|Any CPU
	EndGlobalSection
	GlobalSection(SolutionProperties) = preSolution
		HideSolutionNode = FALSE
	EndGlobalSection
	GlobalSection(NestedProjects) = preSolution
		{C86FA6DA-E1B2-424C-AB5E-A844966AE313} = {7052AADE-20B3-4BA7-88CF-6E867FB1FA10}
	EndGlobalSection
EndGlobal
